
Microsoft Visual Studio Solution File, Format Version 12.00
# Visual Studio Version 16
VisualStudioVersion = 16.0.29613.14
MinimumVisualStudioVersion = 10.0.40219.1
Project("{8BC9CEB8-8B4A-11D0-8D11-00A0C91BC942}") = "TEST", "TEST.vcxproj", "{782F5AD0-5AFB-45AB-B895-E4EF6F8DC6A5}"
EndProject
Global
	GlobalSection(SolutionConfigurationPlatforms) = preSolution
		Debug|x64 = Debug|x64
		Debug|x86 = Debug|x86
		Release|x64 = Release|x64
		Release|x86 = Release|x86
	EndGlobalSection
	GlobalSection(ProjectConfigurationPlatforms) = postSolution
		{782F5AD0-5AFB-45AB-B895-E4EF6F8DC6A5}.Debug|x64.ActiveCfg = Debug|x64
		{782F5AD0-5AFB-45AB-B895-E4EF6F8DC6A5}.Debug|x64.Build.0 = Debug|x64
		{782F5AD0-5AFB-45AB-B895-E4EF6F8DC6A5}.Debug|x86.ActiveCfg = Debug|Win32
		{782F5AD0-5AFB-45AB-B895-E4EF6F8DC6A5}.Debug|x86.Build.0 = Debug|Win32
		{782F5AD0-5AFB-45AB-B895-E4EF6F8DC6A5}.Release|x64.ActiveCfg = Release|x64
		{782F5AD0-5AFB-45AB-B895-E4EF6F8DC6A5}.Release|x64.Build.0 = Release|x64
		{782F5AD0-5AFB-45AB-B895-E4EF6F8DC6A5}.Release|x86.ActiveCfg = Release|Win32
		{782F5AD0-5AFB-45AB-B895-E4EF6F8DC6A5}.Release|x86.Build.0 = Release|Win32
	EndGlobalSection
	GlobalSection(SolutionProperties) = preSolution
		HideSolutionNode = FALSE
	EndGlobalSection
	GlobalSection(ExtensibilityGlobals) = postSolution
		SolutionGuid = {C4D96F9E-025A-43AA-8015-C9D2AFDA14E8}
	EndGlobalSection
EndGlobal
